# This file was autogenerated by Stack.
# You should not edit this file by hand.
# For more information, please see the documentation at:
#   https://docs.haskellstack.org/en/stable/lock_files

packages:
- completed:
    size: 692097
    url: https://github.com/morpheusgraphql/morpheus-graphql/archive/04153a031dacea2908d2548d1156bc33730b611a.tar.gz
    cabal-file:
      size: 24374
      sha256: 8103d3f9f6c669449307df43b35bb18e5335880ee1516ab0f0179a98a34ddaec
    name: morpheus-graphql
    version: 0.10.0
    sha256: 0be5b25104c3963dfc2af98ad824520b2ec0af4a0d141def7f46b5c92b845ff4
    pantry-tree:
      size: 39911
      sha256: 9659aec97950b1afc377ff558a1b4e2b75e3e1536a8621a071688b8439e938f1
  original:
    url: https://github.com/morpheusgraphql/morpheus-graphql/archive/04153a031dacea2908d2548d1156bc33730b611a.tar.gz
snapshots:
- completed:
    size: 489011
    url: https://raw.githubusercontent.com/commercialhaskell/stackage-snapshots/master/lts/15/1.yaml
    sha256: d4ecc42b7125d68e4c3c036a08046ad0cd02ae0d9efbe3af2223a00ff8cc16f3
  original: lts-15.1
